
Microsoft Visual Studio Solution File, Format Version 12.00
# Visual Studio Version 17
VisualStudioVersion = 17.13.35818.85
MinimumVisualStudioVersion = 10.0.40219.1
Project("{FAE04EC0-301F-11D3-BF4B-00C04F79EFBC}") = "Sheenam.Api", "Sheenam.Api\Sheenam.Api.csproj", "{6988ABF3-2931-48DF-A015-8A391745B1A0}"
EndProject
Project("{FAE04EC0-301F-11D3-BF4B-00C04F79EFBC}") = "Sheenam.Api.Tests.Unit", "Sheenam.Api.Tests.Unit\Sheenam.Api.Tests.Unit.csproj", "{F236B40E-D172-4833-8973-CD434D9BF644}"
EndProject
Global
	GlobalSection(SolutionConfigurationPlatforms) = preSolution
		Debug|Any CPU = Debug|Any CPU
		Release|Any CPU = Release|Any CPU
	EndGlobalSection
	GlobalSection(ProjectConfigurationPlatforms) = postSolution
		{6988ABF3-2931-48DF-A015-8A391745B1A0}.Debug|Any CPU.ActiveCfg = Debug|Any CPU
		{6988ABF3-2931-48DF-A015-8A391745B1A0}.Debug|Any CPU.Build.0 = Debug|Any CPU
		{6988ABF3-2931-48DF-A015-8A391745B1A0}.Release|Any CPU.ActiveCfg = Release|Any CPU
		{6988ABF3-2931-48DF-A015-8A391745B1A0}.Release|Any CPU.Build.0 = Release|Any CPU
		{F236B40E-D172-4833-8973-CD434D9BF644}.Debug|Any CPU.ActiveCfg = Debug|Any CPU
		{F236B40E-D172-4833-8973-CD434D9BF644}.Debug|Any CPU.Build.0 = Debug|Any CPU
		{F236B40E-D172-4833-8973-CD434D9BF644}.Release|Any CPU.ActiveCfg = Release|Any CPU
		{F236B40E-D172-4833-8973-CD434D9BF644}.Release|Any CPU.Build.0 = Release|Any CPU
	EndGlobalSection
	GlobalSection(SolutionProperties) = preSolution
		HideSolutionNode = FALSE
	EndGlobalSection
	GlobalSection(ExtensibilityGlobals) = postSolution
		SolutionGuid = {FDD73B5F-6A0E-4B29-9CEC-7BBEBD04368A}
	EndGlobalSection
EndGlobal
